
Microsoft Visual Studio Solution File, Format Version 12.00
# Visual Studio Version 17
VisualStudioVersion = 17.5.002.0
MinimumVisualStudioVersion = 10.0.40219.1
Project("{9A19103F-16F7-4668-BE54-9A1E7A4F7556}") = "CategoryAPI", "CategoryAPI.csproj", "{9EA8F1FE-0E34-44D2-A9A1-BB13BCB54C6E}"
EndProject
Global
	GlobalSection(SolutionConfigurationPlatforms) = preSolution
		Debug|Any CPU = Debug|Any CPU
		Release|Any CPU = Release|Any CPU
	EndGlobalSection
	GlobalSection(ProjectConfigurationPlatforms) = postSolution
		{9EA8F1FE-0E34-44D2-A9A1-BB13BCB54C6E}.Debug|Any CPU.ActiveCfg = Debug|Any CPU
		{9EA8F1FE-0E34-44D2-A9A1-BB13BCB54C6E}.Debug|Any CPU.Build.0 = Debug|Any CPU
		{9EA8F1FE-0E34-44D2-A9A1-BB13BCB54C6E}.Release|Any CPU.ActiveCfg = Release|Any CPU
		{9EA8F1FE-0E34-44D2-A9A1-BB13BCB54C6E}.Release|Any CPU.Build.0 = Release|Any CPU
	EndGlobalSection
	GlobalSection(SolutionProperties) = preSolution
		HideSolutionNode = FALSE
	EndGlobalSection
	GlobalSection(ExtensibilityGlobals) = postSolution
		SolutionGuid = {6237A3D0-4C8D-439B-A9D6-609CCFFFB98F}
	EndGlobalSection
EndGlobal
